{
  "name": "spw-verify",
  "version": "1.0.0",
  "lockfileVersion": 3,
  "requires": true,
  "packages": {
    "": {
      "name": "spw-verify",
      "version": "1.0.0",
      "license": "MIT",
      "dependencies": {
        "@noble/secp256k1": "^1.7.1"
      },
      "engines": {
        "node": ">=14"
      }
    },
    "node_modules/@noble/secp256k1": {
      "version": "1.7.2",
      "resolved": "https://registry.npmjs.org/@noble/secp256k1/-/secp256k1-1.7.2.tgz",
      "integrity": "sha512-/qzwYl5eFLH8OWIecQWM31qld2g1NfjgylK+TNhqtaUKP37Nm+Y+z30Fjhw0Ct8p9yCQEm2N3W/AckdIb3SMcQ==",
      "funding": [
        {
          "type": "individual",
          "url": "https://paulmillr.com/funding/"
        }
      ]
    }
  }
}
